
Microsoft Visual Studio Solution File, Format Version 12.00
# Visual Studio Version 17
VisualStudioVersion = 17.8.34316.72
MinimumVisualStudioVersion = 10.0.40219.1
Project("{9A19103F-16F7-4668-BE54-9A1E7A4F7556}") = "Interfaces_ex01", "Interfaces_ex00\Interfaces_ex01.csproj", "{D6AA398B-3C85-41AA-A170-3CEB10D600F7}"
EndProject
Global
	GlobalSection(SolutionConfigurationPlatforms) = preSolution
		Debug|Any CPU = Debug|Any CPU
		Release|Any CPU = Release|Any CPU
	EndGlobalSection
	GlobalSection(ProjectConfigurationPlatforms) = postSolution
		{D6AA398B-3C85-41AA-A170-3CEB10D600F7}.Debug|Any CPU.ActiveCfg = Debug|Any CPU
		{D6AA398B-3C85-41AA-A170-3CEB10D600F7}.Debug|Any CPU.Build.0 = Debug|Any CPU
		{D6AA398B-3C85-41AA-A170-3CEB10D600F7}.Release|Any CPU.ActiveCfg = Release|Any CPU
		{D6AA398B-3C85-41AA-A170-3CEB10D600F7}.Release|Any CPU.Build.0 = Release|Any CPU
	EndGlobalSection
	GlobalSection(SolutionProperties) = preSolution
		HideSolutionNode = FALSE
	EndGlobalSection
	GlobalSection(ExtensibilityGlobals) = postSolution
		SolutionGuid = {863BF184-A710-4266-A679-507B51841E7A}
	EndGlobalSection
EndGlobal
